// !$*UTF8*$!
{
	archiveVersion = 1;
	classes = {
	};
	objectVersion = 55;
	objects = {

/* Begin PBXBuildFile section */
		330D7CBA2861534C00E628E1 /* MainView.swift in Sources */ = {isa = PBXBuildFile; fileRef = 330D7CB92861534B00E628E1 /* MainView.swift */; };
		333ED3D9283FDBB50004B327 /* WordeelyApp.swift in Sources */ = {isa = PBXBuildFile; fileRef = 333ED3D8283FDBB50004B327 /* WordeelyApp.swift */; };
		333ED3DD283FDBB70004B327 /* Assets.xcassets in Resources */ = {isa = PBXBuildFile; fileRef = 333ED3DC283FDBB70004B327 /* Assets.xcassets */; };
		333ED3E0283FDBB70004B327 /* Preview Assets.xcassets in Resources */ = {isa = PBXBuildFile; fileRef = 333ED3DF283FDBB70004B327 /* Preview Assets.xcassets */; };
		333ED3EF283FDBB70004B327 /* WordeelyTests.swift in Sources */ = {isa = PBXBuildFile; fileRef = 333ED3EE283FDBB70004B327 /* WordeelyTests.swift */; };
		333ED3F9283FDBB70004B327 /* WordeelyUITests.swift in Sources */ = {isa = PBXBuildFile; fileRef = 333ED3F8283FDBB70004B327 /* WordeelyUITests.swift */; };
		333ED3FB283FDBB70004B327 /* WordeelyUITestsLaunchTests.swift in Sources */ = {isa = PBXBuildFile; fileRef = 333ED3FA283FDBB70004B327 /* WordeelyUITestsLaunchTests.swift */; };
		333ED4082846BA6C0004B327 /* GameView.swift in Sources */ = {isa = PBXBuildFile; fileRef = 333ED4072846BA6C0004B327 /* GameView.swift */; };
		333ED40E2846BE100004B327 /* GuessesView.swift in Sources */ = {isa = PBXBuildFile; fileRef = 333ED40D2846BE100004B327 /* GuessesView.swift */; };
		334C7005286369A100E5DB8D /* HowToView.swift in Sources */ = {isa = PBXBuildFile; fileRef = 334C7004286369A000E5DB8D /* HowToView.swift */; };
		3379314E2864BD1E00482049 /* PopUpView.swift in Sources */ = {isa = PBXBuildFile; fileRef = 3379314D2864BD1E00482049 /* PopUpView.swift */; };
		33F8198C2850E2DE00B54AA6 /* GameController.swift in Sources */ = {isa = PBXBuildFile; fileRef = 33F8198B2850E2DE00B54AA6 /* GameController.swift */; };
		33F8198E2855214700B54AA6 /* SideBarView.swift in Sources */ = {isa = PBXBuildFile; fileRef = 33F8198D2855214700B54AA6 /* SideBarView.swift */; };
		33F819982860D3B300B54AA6 /* Words.txt in Resources */ = {isa = PBXBuildFile; fileRef = 33F819972860D3B300B54AA6 /* Words.txt */; };
		75373EAC296619E900B74CB9 /* ColorExtension.swift in Sources */ = {isa = PBXBuildFile; fileRef = 75373EAB296619E900B74CB9 /* ColorExtension.swift */; };
		75373EAF2966207F00B74CB9 /* MyColors.swift in Sources */ = {isa = PBXBuildFile; fileRef = 75373EAE2966207F00B74CB9 /* MyColors.swift */; };
		75373ECB29672A7600B74CB9 /* MinimalistKeyboardView.swift in Sources */ = {isa = PBXBuildFile; fileRef = 75373ECA29672A7600B74CB9 /* MinimalistKeyboardView.swift */; };
		7554642B296DFF0B00ECD864 /* MyTabBarView.swift in Sources */ = {isa = PBXBuildFile; fileRef = 7554642A296DFF0B00ECD864 /* MyTabBarView.swift */; };
		7554642E296E027900ECD864 /* ViewModifiers.swift in Sources */ = {isa = PBXBuildFile; fileRef = 7554642D296E027900ECD864 /* ViewModifiers.swift */; };
		758980ED2967362C00AB8347 /* CharacterCollection.swift in Sources */ = {isa = PBXBuildFile; fileRef = 758980EC2967362C00AB8347 /* CharacterCollection.swift */; };
		75DB1BB22971A4AB008AA92B /* SettingsView.swift in Sources */ = {isa = PBXBuildFile; fileRef = 75DB1BB12971A4AB008AA92B /* SettingsView.swift */; };
		75DB1BB42971A4B5008AA92B /* StoreView.swift in Sources */ = {isa = PBXBuildFile; fileRef = 75DB1BB32971A4B5008AA92B /* StoreView.swift */; };
		75DB1BBA2975FD00008AA92B /* GameController+DailyPersistence.swift in Sources */ = {isa = PBXBuildFile; fileRef = 75DB1BB92975FD00008AA92B /* GameController+DailyPersistence.swift */; };
/* End PBXBuildFile section */

/* Begin PBXContainerItemProxy section */
		333ED3EB283FDBB70004B327 /* PBXContainerItemProxy */ = {
			isa = PBXContainerItemProxy;
			containerPortal = 333ED3CD283FDBB50004B327 /* Project object */;
			proxyType = 1;
			remoteGlobalIDString = 333ED3D4283FDBB50004B327;
			remoteInfo = Wordeely;
		};
		333ED3F5283FDBB70004B327 /* PBXContainerItemProxy */ = {
			isa = PBXContainerItemProxy;
			containerPortal = 333ED3CD283FDBB50004B327 /* Project object */;
			proxyType = 1;
			remoteGlobalIDString = 333ED3D4283FDBB50004B327;
			remoteInfo = Wordeely;
		};
/* End PBXContainerItemProxy section */

/* Begin PBXFileReference section */
		330D7CB92861534B00E628E1 /* MainView.swift */ = {isa = PBXFileReference; lastKnownFileType = sourcecode.swift; path = MainView.swift; sourceTree = "<group>"; };
		333ED3D5283FDBB50004B327 /* Wordeely.app */ = {isa = PBXFileReference; explicitFileType = wrapper.application; includeInIndex = 0; path = Wordeely.app; sourceTree = BUILT_PRODUCTS_DIR; };
		333ED3D8283FDBB50004B327 /* WordeelyApp.swift */ = {isa = PBXFileReference; lastKnownFileType = sourcecode.swift; path = WordeelyApp.swift; sourceTree = "<group>"; };
		333ED3DC283FDBB70004B327 /* Assets.xcassets */ = {isa = PBXFileReference; lastKnownFileType = folder.assetcatalog; path = Assets.xcassets; sourceTree = "<group>"; };
		333ED3DF283FDBB70004B327 /* Preview Assets.xcassets */ = {isa = PBXFileReference; lastKnownFileType = folder.assetcatalog; path = "Preview Assets.xcassets"; sourceTree = "<group>"; };
		333ED3EA283FDBB70004B327 /* WordeelyTests.xctest */ = {isa = PBXFileReference; explicitFileType = wrapper.cfbundle; includeInIndex = 0; path = WordeelyTests.xctest; sourceTree = BUILT_PRODUCTS_DIR; };
		333ED3EE283FDBB70004B327 /* WordeelyTests.swift */ = {isa = PBXFileReference; lastKnownFileType = sourcecode.swift; path = WordeelyTests.swift; sourceTree = "<group>"; };
		333ED3F4283FDBB70004B327 /* WordeelyUITests.xctest */ = {isa = PBXFileReference; explicitFileType = wrapper.cfbundle; includeInIndex = 0; path = WordeelyUITests.xctest; sourceTree = BUILT_PRODUCTS_DIR; };
		333ED3F8283FDBB70004B327 /* WordeelyUITests.swift */ = {isa = PBXFileReference; lastKnownFileType = sourcecode.swift; path = WordeelyUITests.swift; sourceTree = "<group>"; };
		333ED3FA283FDBB70004B327 /* WordeelyUITestsLaunchTests.swift */ = {isa = PBXFileReference; lastKnownFileType = sourcecode.swift; path = WordeelyUITestsLaunchTests.swift; sourceTree = "<group>"; };
		333ED4072846BA6C0004B327 /* GameView.swift */ = {isa = PBXFileReference; lastKnownFileType = sourcecode.swift; path = GameView.swift; sourceTree = "<group>"; };
		333ED40D2846BE100004B327 /* GuessesView.swift */ = {isa = PBXFileReference; lastKnownFileType = sourcecode.swift; path = GuessesView.swift; sourceTree = "<group>"; };
		334C7004286369A000E5DB8D /* HowToView.swift */ = {isa = PBXFileReference; lastKnownFileType = sourcecode.swift; path = HowToView.swift; sourceTree = "<group>"; };
		3379314D2864BD1E00482049 /* PopUpView.swift */ = {isa = PBXFileReference; lastKnownFileType = sourcecode.swift; path = PopUpView.swift; sourceTree = "<group>"; };
		33F8198B2850E2DE00B54AA6 /* GameController.swift */ = {isa = PBXFileReference; lastKnownFileType = sourcecode.swift; path = GameController.swift; sourceTree = "<group>"; };
		33F8198D2855214700B54AA6 /* SideBarView.swift */ = {isa = PBXFileReference; lastKnownFileType = sourcecode.swift; path = SideBarView.swift; sourceTree = "<group>"; };
		33F819972860D3B300B54AA6 /* Words.txt */ = {isa = PBXFileReference; fileEncoding = 4; lastKnownFileType = text; path = Words.txt; sourceTree = "<group>"; };
		75373EAB296619E900B74CB9 /* ColorExtension.swift */ = {isa = PBXFileReference; lastKnownFileType = sourcecode.swift; path = ColorExtension.swift; sourceTree = "<group>"; };
		75373EAE2966207F00B74CB9 /* MyColors.swift */ = {isa = PBXFileReference; lastKnownFileType = sourcecode.swift; path = MyColors.swift; sourceTree = "<group>"; };
		75373ECA29672A7600B74CB9 /* MinimalistKeyboardView.swift */ = {isa = PBXFileReference; lastKnownFileType = sourcecode.swift; path = MinimalistKeyboardView.swift; sourceTree = "<group>"; };
		75546421296B712C00ECD864 /* Info.plist */ = {isa = PBXFileReference; lastKnownFileType = text.plist; path = Info.plist; sourceTree = "<group>"; };
		7554642A296DFF0B00ECD864 /* MyTabBarView.swift */ = {isa = PBXFileReference; lastKnownFileType = sourcecode.swift; path = MyTabBarView.swift; sourceTree = "<group>"; };
		7554642D296E027900ECD864 /* ViewModifiers.swift */ = {isa = PBXFileReference; lastKnownFileType = sourcecode.swift; path = ViewModifiers.swift; sourceTree = "<group>"; };
		758980EC2967362C00AB8347 /* CharacterCollection.swift */ = {isa = PBXFileReference; lastKnownFileType = sourcecode.swift; path = CharacterCollection.swift; sourceTree = "<group>"; };
		75DB1BB12971A4AB008AA92B /* SettingsView.swift */ = {isa = PBXFileReference; lastKnownFileType = sourcecode.swift; path = SettingsView.swift; sourceTree = "<group>"; };
		75DB1BB32971A4B5008AA92B /* StoreView.swift */ = {isa = PBXFileReference; lastKnownFileType = sourcecode.swift; path = StoreView.swift; sourceTree = "<group>"; };
		75DB1BB92975FD00008AA92B /* GameController+DailyPersistence.swift */ = {isa = PBXFileReference; lastKnownFileType = sourcecode.swift; path = "GameController+DailyPersistence.swift"; sourceTree = "<group>"; };
/* End PBXFileReference section */

/* Begin PBXFrameworksBuildPhase section */
		333ED3D2283FDBB50004B327 /* Frameworks */ = {
			isa = PBXFrameworksBuildPhase;
			buildActionMask = 2147483647;
			files = (
			);
			runOnlyForDeploymentPostprocessing = 0;
		};
		333ED3E7283FDBB70004B327 /* Frameworks */ = {
			isa = PBXFrameworksBuildPhase;
			buildActionMask = 2147483647;
			files = (
			);
			runOnlyForDeploymentPostprocessing = 0;
		};
		333ED3F1283FDBB70004B327 /* Frameworks */ = {
			isa = PBXFrameworksBuildPhase;
			buildActionMask = 2147483647;
			files = (
			);
			runOnlyForDeploymentPostprocessing = 0;
		};
/* End PBXFrameworksBuildPhase section */

/* Begin PBXGroup section */
		333ED3CC283FDBB50004B327 = {
			isa = PBXGroup;
			children = (
				333ED3D7283FDBB50004B327 /* Wordeely */,
				333ED3ED283FDBB70004B327 /* WordeelyTests */,
				333ED3F7283FDBB70004B327 /* WordeelyUITests */,
				333ED3D6283FDBB50004B327 /* Products */,
			);
			sourceTree = "<group>";
		};
		333ED3D6283FDBB50004B327 /* Products */ = {
			isa = PBXGroup;
			children = (
				333ED3D5283FDBB50004B327 /* Wordeely.app */,
				333ED3EA283FDBB70004B327 /* WordeelyTests.xctest */,
				333ED3F4283FDBB70004B327 /* WordeelyUITests.xctest */,
			);
			name = Products;
			sourceTree = "<group>";
		};
		333ED3D7283FDBB50004B327 /* Wordeely */ = {
			isa = PBXGroup;
			children = (
				7554642C296E026300ECD864 /* View Modifiers */,
				75546421296B712C00ECD864 /* Info.plist */,
				75373EAD2966206B00B74CB9 /* Assets */,
				75373EAA296619D800B74CB9 /* Extensions */,
				33F8198A2850E2BD00B54AA6 /* View Model */,
				333ED4132847C86E0004B327 /* Views */,
				333ED3D8283FDBB50004B327 /* WordeelyApp.swift */,
				333ED3DC283FDBB70004B327 /* Assets.xcassets */,
				333ED3DE283FDBB70004B327 /* Preview Content */,
				33F819972860D3B300B54AA6 /* Words.txt */,
			);
			path = Wordeely;
			sourceTree = "<group>";
		};
		333ED3DE283FDBB70004B327 /* Preview Content */ = {
			isa = PBXGroup;
			children = (
				333ED3DF283FDBB70004B327 /* Preview Assets.xcassets */,
			);
			path = "Preview Content";
			sourceTree = "<group>";
		};
		333ED3ED283FDBB70004B327 /* WordeelyTests */ = {
			isa = PBXGroup;
			children = (
				333ED3EE283FDBB70004B327 /* WordeelyTests.swift */,
			);
			path = WordeelyTests;
			sourceTree = "<group>";
		};
		333ED3F7283FDBB70004B327 /* WordeelyUITests */ = {
			isa = PBXGroup;
			children = (
				333ED3F8283FDBB70004B327 /* WordeelyUITests.swift */,
				333ED3FA283FDBB70004B327 /* WordeelyUITestsLaunchTests.swift */,
			);
			path = WordeelyUITests;
			sourceTree = "<group>";
		};
		333ED4132847C86E0004B327 /* Views */ = {
			isa = PBXGroup;
			children = (
				75373EA72965DA5800B74CB9 /* Game */,
				33F8198D2855214700B54AA6 /* SideBarView.swift */,
				330D7CB92861534B00E628E1 /* MainView.swift */,
				334C7004286369A000E5DB8D /* HowToView.swift */,
				7554642A296DFF0B00ECD864 /* MyTabBarView.swift */,
				75DB1BB12971A4AB008AA92B /* SettingsView.swift */,
				75DB1BB32971A4B5008AA92B /* StoreView.swift */,
			);
			path = Views;
			sourceTree = "<group>";
		};
		33F8198A2850E2BD00B54AA6 /* View Model */ = {
			isa = PBXGroup;
			children = (
				33F8198B2850E2DE00B54AA6 /* GameController.swift */,
				758980EC2967362C00AB8347 /* CharacterCollection.swift */,
				75DB1BB92975FD00008AA92B /* GameController+DailyPersistence.swift */,
			);
			path = "View Model";
			sourceTree = "<group>";
		};
		75373EA72965DA5800B74CB9 /* Game */ = {
			isa = PBXGroup;
			children = (
				3379314D2864BD1E00482049 /* PopUpView.swift */,
				333ED4072846BA6C0004B327 /* GameView.swift */,
				333ED40D2846BE100004B327 /* GuessesView.swift */,
				75373ECA29672A7600B74CB9 /* MinimalistKeyboardView.swift */,
			);
			path = Game;
			sourceTree = "<group>";
		};
		75373EAA296619D800B74CB9 /* Extensions */ = {
			isa = PBXGroup;
			children = (
				75373EAB296619E900B74CB9 /* ColorExtension.swift */,
			);
			path = Extensions;
			sourceTree = "<group>";
		};
		75373EAD2966206B00B74CB9 /* Assets */ = {
			isa = PBXGroup;
			children = (
				75373EAE2966207F00B74CB9 /* MyColors.swift */,
			);
			path = Assets;
			sourceTree = "<group>";
		};
		7554642C296E026300ECD864 /* View Modifiers */ = {
			isa = PBXGroup;
			children = (
				7554642D296E027900ECD864 /* ViewModifiers.swift */,
			);
			path = "View Modifiers";
			sourceTree = "<group>";
		};
/* End PBXGroup section */

/* Begin PBXNativeTarget section */
		333ED3D4283FDBB50004B327 /* Wordeely */ = {
			isa = PBXNativeTarget;
			buildConfigurationList = 333ED3FE283FDBB70004B327 /* Build configuration list for PBXNativeTarget "Wordeely" */;
			buildPhases = (
				333ED3D1283FDBB50004B327 /* Sources */,
				333ED3D2283FDBB50004B327 /* Frameworks */,
				333ED3D3283FDBB50004B327 /* Resources */,
			);
			buildRules = (
			);
			dependencies = (
			);
			name = Wordeely;
			productName = Wordeely;
			productReference = 333ED3D5283FDBB50004B327 /* Wordeely.app */;
			productType = "com.apple.product-type.application";
		};
		333ED3E9283FDBB70004B327 /* WordeelyTests */ = {
			isa = PBXNativeTarget;
			buildConfigurationList = 333ED401283FDBB70004B327 /* Build configuration list for PBXNativeTarget "WordeelyTests" */;
			buildPhases = (
				333ED3E6283FDBB70004B327 /* Sources */,
				333ED3E7283FDBB70004B327 /* Frameworks */,
				333ED3E8283FDBB70004B327 /* Resources */,
			);
			buildRules = (
			);
			dependencies = (
				333ED3EC283FDBB70004B327 /* PBXTargetDependency */,
			);
			name = WordeelyTests;
			productName = WordeelyTests;
			productReference = 333ED3EA283FDBB70004B327 /* WordeelyTests.xctest */;
			productType = "com.apple.product-type.bundle.unit-test";
		};
		333ED3F3283FDBB70004B327 /* WordeelyUITests */ = {
			isa = PBXNativeTarget;
			buildConfigurationList = 333ED404283FDBB70004B327 /* Build configuration list for PBXNativeTarget "WordeelyUITests" */;
			buildPhases = (
				333ED3F0283FDBB70004B327 /* Sources */,
				333ED3F1283FDBB70004B327 /* Frameworks */,
				333ED3F2283FDBB70004B327 /* Resources */,
			);
			buildRules = (
			);
			dependencies = (
				333ED3F6283FDBB70004B327 /* PBXTargetDependency */,
			);
			name = WordeelyUITests;
			productName = WordeelyUITests;
			productReference = 333ED3F4283FDBB70004B327 /* WordeelyUITests.xctest */;
			productType = "com.apple.product-type.bundle.ui-testing";
		};
/* End PBXNativeTarget section */

/* Begin PBXProject section */
		333ED3CD283FDBB50004B327 /* Project object */ = {
			isa = PBXProject;
			attributes = {
				BuildIndependentTargetsInParallel = 1;
				LastSwiftUpdateCheck = 1330;
				LastUpgradeCheck = 1330;
				TargetAttributes = {
					333ED3D4283FDBB50004B327 = {
						CreatedOnToolsVersion = 13.3;
					};
					333ED3E9283FDBB70004B327 = {
						CreatedOnToolsVersion = 13.3;
						TestTargetID = 333ED3D4283FDBB50004B327;
					};
					333ED3F3283FDBB70004B327 = {
						CreatedOnToolsVersion = 13.3;
						TestTargetID = 333ED3D4283FDBB50004B327;
					};
				};
			};
			buildConfigurationList = 333ED3D0283FDBB50004B327 /* Build configuration list for PBXProject "Wordeely" */;
			compatibilityVersion = "Xcode 13.0";
			developmentRegion = en;
			hasScannedForEncodings = 0;
			knownRegions = (
				en,
				Base,
			);
			mainGroup = 333ED3CC283FDBB50004B327;
			productRefGroup = 333ED3D6283FDBB50004B327 /* Products */;
			projectDirPath = "";
			projectRoot = "";
			targets = (
				333ED3D4283FDBB50004B327 /* Wordeely */,
				333ED3E9283FDBB70004B327 /* WordeelyTests */,
				333ED3F3283FDBB70004B327 /* WordeelyUITests */,
			);
		};
/* End PBXProject section */

/* Begin PBXResourcesBuildPhase section */
		333ED3D3283FDBB50004B327 /* Resources */ = {
			isa = PBXResourcesBuildPhase;
			buildActionMask = 2147483647;
			files = (
				333ED3E0283FDBB70004B327 /* Preview Assets.xcassets in Resources */,
				333ED3DD283FDBB70004B327 /* Assets.xcassets in Resources */,
				33F819982860D3B300B54AA6 /* Words.txt in Resources */,
			);
			runOnlyForDeploymentPostprocessing = 0;
		};
		333ED3E8283FDBB70004B327 /* Resources */ = {
			isa = PBXResourcesBuildPhase;
			buildActionMask = 2147483647;
			files = (
			);
			runOnlyForDeploymentPostprocessing = 0;
		};
		333ED3F2283FDBB70004B327 /* Resources */ = {
			isa = PBXResourcesBuildPhase;
			buildActionMask = 2147483647;
			files = (
			);
			runOnlyForDeploymentPostprocessing = 0;
		};
/* End PBXResourcesBuildPhase section */

/* Begin PBXSourcesBuildPhase section */
		333ED3D1283FDBB50004B327 /* Sources */ = {
			isa = PBXSourcesBuildPhase;
			buildActionMask = 2147483647;
			files = (
				75DB1BB22971A4AB008AA92B /* SettingsView.swift in Sources */,
				758980ED2967362C00AB8347 /* CharacterCollection.swift in Sources */,
				75DB1BB42971A4B5008AA92B /* StoreView.swift in Sources */,
				330D7CBA2861534C00E628E1 /* MainView.swift in Sources */,
				33F8198C2850E2DE00B54AA6 /* GameController.swift in Sources */,
				75373EAC296619E900B74CB9 /* ColorExtension.swift in Sources */,
				334C7005286369A100E5DB8D /* HowToView.swift in Sources */,
				75373EAF2966207F00B74CB9 /* MyColors.swift in Sources */,
				75DB1BBA2975FD00008AA92B /* GameController+DailyPersistence.swift in Sources */,
				333ED3D9283FDBB50004B327 /* WordeelyApp.swift in Sources */,
				7554642B296DFF0B00ECD864 /* MyTabBarView.swift in Sources */,
				3379314E2864BD1E00482049 /* PopUpView.swift in Sources */,
				7554642E296E027900ECD864 /* ViewModifiers.swift in Sources */,
				333ED40E2846BE100004B327 /* GuessesView.swift in Sources */,
				33F8198E2855214700B54AA6 /* SideBarView.swift in Sources */,
				75373ECB29672A7600B74CB9 /* MinimalistKeyboardView.swift in Sources */,
				333ED4082846BA6C0004B327 /* GameView.swift in Sources */,
			);
			runOnlyForDeploymentPostprocessing = 0;
		};
		333ED3E6283FDBB70004B327 /* Sources */ = {
			isa = PBXSourcesBuildPhase;
			buildActionMask = 2147483647;
			files = (
				333ED3EF283FDBB70004B327 /* WordeelyTests.swift in Sources */,
			);
			runOnlyForDeploymentPostprocessing = 0;
		};
		333ED3F0283FDBB70004B327 /* Sources */ = {
			isa = PBXSourcesBuildPhase;
			buildActionMask = 2147483647;
			files = (
				333ED3FB283FDBB70004B327 /* WordeelyUITestsLaunchTests.swift in Sources */,
				333ED3F9283FDBB70004B327 /* WordeelyUITests.swift in Sources */,
			);
			runOnlyForDeploymentPostprocessing = 0;
		};
/* End PBXSourcesBuildPhase section */

/* Begin PBXTargetDependency section */
		333ED3EC283FDBB70004B327 /* PBXTargetDependency */ = {
			isa = PBXTargetDependency;
			target = 333ED3D4283FDBB50004B327 /* Wordeely */;
			targetProxy = 333ED3EB283FDBB70004B327 /* PBXContainerItemProxy */;
		};
		333ED3F6283FDBB70004B327 /* PBXTargetDependency */ = {
			isa = PBXTargetDependency;
			target = 333ED3D4283FDBB50004B327 /* Wordeely */;
			targetProxy = 333ED3F5283FDBB70004B327 /* PBXContainerItemProxy */;
		};
/* End PBXTargetDependency section */

/* Begin XCBuildConfiguration section */
		333ED3FC283FDBB70004B327 /* Debug */ = {
			isa = XCBuildConfiguration;
			buildSettings = {
				ALWAYS_SEARCH_USER_PATHS = NO;
				CLANG_ANALYZER_NONNULL = YES;
				CLANG_ANALYZER_NUMBER_OBJECT_CONVERSION = YES_AGGRESSIVE;
				CLANG_CXX_LANGUAGE_STANDARD = "gnu++17";
				CLANG_ENABLE_MODULES = YES;
				CLANG_ENABLE_OBJC_ARC = YES;
				CLANG_ENABLE_OBJC_WEAK = YES;
				CLANG_WARN_BLOCK_CAPTURE_AUTORELEASING = YES;
				CLANG_WARN_BOOL_CONVERSION = YES;
				CLANG_WARN_COMMA = YES;
				CLANG_WARN_CONSTANT_CONVERSION = YES;
				CLANG_WARN_DEPRECATED_OBJC_IMPLEMENTATIONS = YES;
				CLANG_WARN_DIRECT_OBJC_ISA_USAGE = YES_ERROR;
				CLANG_WARN_DOCUMENTATION_COMMENTS = YES;
				CLANG_WARN_EMPTY_BODY = YES;
				CLANG_WARN_ENUM_CONVERSION = YES;
				CLANG_WARN_INFINITE_RECURSION = YES;
				CLANG_WARN_INT_CONVERSION = YES;
				CLANG_WARN_NON_LITERAL_NULL_CONVERSION = YES;
				CLANG_WARN_OBJC_IMPLICIT_RETAIN_SELF = YES;
				CLANG_WARN_OBJC_LITERAL_CONVERSION = YES;
				CLANG_WARN_OBJC_ROOT_CLASS = YES_ERROR;
				CLANG_WARN_QUOTED_INCLUDE_IN_FRAMEWORK_HEADER = YES;
				CLANG_WARN_RANGE_LOOP_ANALYSIS = YES;
				CLANG_WARN_STRICT_PROTOTYPES = YES;
				CLANG_WARN_SUSPICIOUS_MOVE = YES;
				CLANG_WARN_UNGUARDED_AVAILABILITY = YES_AGGRESSIVE;
				CLANG_WARN_UNREACHABLE_CODE = YES;
				CLANG_WARN__DUPLICATE_METHOD_MATCH = YES;
				COPY_PHASE_STRIP = NO;
				DEBUG_INFORMATION_FORMAT = dwarf;
				ENABLE_STRICT_OBJC_MSGSEND = YES;
				ENABLE_TESTABILITY = YES;
				GCC_C_LANGUAGE_STANDARD = gnu11;
				GCC_DYNAMIC_NO_PIC = NO;
				GCC_NO_COMMON_BLOCKS = YES;
				GCC_OPTIMIZATION_LEVEL = 0;
				GCC_PREPROCESSOR_DEFINITIONS = (
					"DEBUG=1",
					"$(inherited)",
				);
				GCC_WARN_64_TO_32_BIT_CONVERSION = YES;
				GCC_WARN_ABOUT_RETURN_TYPE = YES_ERROR;
				GCC_WARN_UNDECLARED_SELECTOR = YES;
				GCC_WARN_UNINITIALIZED_AUTOS = YES_AGGRESSIVE;
				GCC_WARN_UNUSED_FUNCTION = YES;
				GCC_WARN_UNUSED_VARIABLE = YES;
				IPHONEOS_DEPLOYMENT_TARGET = 15.4;
				MTL_ENABLE_DEBUG_INFO = INCLUDE_SOURCE;
				MTL_FAST_MATH = YES;
				ONLY_ACTIVE_ARCH = YES;
				SDKROOT = iphoneos;
				SWIFT_ACTIVE_COMPILATION_CONDITIONS = DEBUG;
				SWIFT_OPTIMIZATION_LEVEL = "-Onone";
			};
			name = Debug;
		};
		333ED3FD283FDBB70004B327 /* Release */ = {
			isa = XCBuildConfiguration;
			buildSettings = {
				ALWAYS_SEARCH_USER_PATHS = NO;
				CLANG_ANALYZER_NONNULL = YES;
				CLANG_ANALYZER_NUMBER_OBJECT_CONVERSION = YES_AGGRESSIVE;
				CLANG_CXX_LANGUAGE_STANDARD = "gnu++17";
				CLANG_ENABLE_MODULES = YES;
				CLANG_ENABLE_OBJC_ARC = YES;
				CLANG_ENABLE_OBJC_WEAK = YES;
				CLANG_WARN_BLOCK_CAPTURE_AUTORELEASING = YES;
				CLANG_WARN_BOOL_CONVERSION = YES;
				CLANG_WARN_COMMA = YES;
				CLANG_WARN_CONSTANT_CONVERSION = YES;
				CLANG_WARN_DEPRECATED_OBJC_IMPLEMENTATIONS = YES;
				CLANG_WARN_DIRECT_OBJC_ISA_USAGE = YES_ERROR;
				CLANG_WARN_DOCUMENTATION_COMMENTS = YES;
				CLANG_WARN_EMPTY_BODY = YES;
				CLANG_WARN_ENUM_CONVERSION = YES;
				CLANG_WARN_INFINITE_RECURSION = YES;
				CLANG_WARN_INT_CONVERSION = YES;
				CLANG_WARN_NON_LITERAL_NULL_CONVERSION = YES;
				CLANG_WARN_OBJC_IMPLICIT_RETAIN_SELF = YES;
				CLANG_WARN_OBJC_LITERAL_CONVERSION = YES;
				CLANG_WARN_OBJC_ROOT_CLASS = YES_ERROR;
				CLANG_WARN_QUOTED_INCLUDE_IN_FRAMEWORK_HEADER = YES;
				CLANG_WARN_RANGE_LOOP_ANALYSIS = YES;
				CLANG_WARN_STRICT_PROTOTYPES = YES;
				CLANG_WARN_SUSPICIOUS_MOVE = YES;
				CLANG_WARN_UNGUARDED_AVAILABILITY = YES_AGGRESSIVE;
				CLANG_WARN_UNREACHABLE_CODE = YES;
				CLANG_WARN__DUPLICATE_METHOD_MATCH = YES;
				COPY_PHASE_STRIP = NO;
				DEBUG_INFORMATION_FORMAT = "dwarf-with-dsym";
				ENABLE_NS_ASSERTIONS = NO;
				ENABLE_STRICT_OBJC_MSGSEND = YES;
				GCC_C_LANGUAGE_STANDARD = gnu11;
				GCC_NO_COMMON_BLOCKS = YES;
				GCC_WARN_64_TO_32_BIT_CONVERSION = YES;
				GCC_WARN_ABOUT_RETURN_TYPE = YES_ERROR;
				GCC_WARN_UNDECLARED_SELECTOR = YES;
				GCC_WARN_UNINITIALIZED_AUTOS = YES_AGGRESSIVE;
				GCC_WARN_UNUSED_FUNCTION = YES;
				GCC_WARN_UNUSED_VARIABLE = YES;
				IPHONEOS_DEPLOYMENT_TARGET = 15.4;
				MTL_ENABLE_DEBUG_INFO = NO;
				MTL_FAST_MATH = YES;
				SDKROOT = iphoneos;
				SWIFT_COMPILATION_MODE = wholemodule;
				SWIFT_OPTIMIZATION_LEVEL = "-O";
				VALIDATE_PRODUCT = YES;
			};
			name = Release;
		};
		333ED3FF283FDBB70004B327 /* Debug */ = {
			isa = XCBuildConfiguration;
			buildSettings = {
				ASSETCATALOG_COMPILER_APPICON_NAME = AppIcon;
				ASSETCATALOG_COMPILER_GLOBAL_ACCENT_COLOR_NAME = AccentColor;
				CODE_SIGN_STYLE = Automatic;
				CURRENT_PROJECT_VERSION = 1;
				DEVELOPMENT_ASSET_PATHS = "\"Wordeely/Preview Content\"";
				DEVELOPMENT_TEAM = XH7F8TV6LS;
				ENABLE_PREVIEWS = YES;
				GENERATE_INFOPLIST_FILE = YES;
				INFOPLIST_FILE = Wordeely/Info.plist;
				INFOPLIST_KEY_CFBundleDisplayName = Wordeely;
				INFOPLIST_KEY_LSApplicationCategoryType = "public.app-category.word-games";
				INFOPLIST_KEY_UIApplicationSceneManifest_Generation = YES;
				INFOPLIST_KEY_UIApplicationSupportsIndirectInputEvents = YES;
				INFOPLIST_KEY_UISupportedInterfaceOrientations = "UIInterfaceOrientationPortrait UIInterfaceOrientationPortraitUpsideDown";
				INFOPLIST_KEY_UISupportedInterfaceOrientations_iPad = "UIInterfaceOrientationPortrait UIInterfaceOrientationPortraitUpsideDown";
				INFOPLIST_KEY_UISupportedInterfaceOrientations_iPhone = UIInterfaceOrientationPortrait;
				IPHONEOS_DEPLOYMENT_TARGET = 14.5;
				LD_RUNPATH_SEARCH_PATHS = (
					"$(inherited)",
					"@executable_path/Frameworks",
				);
				MARKETING_VERSION = 0.61;
				PRODUCT_BUNDLE_IDENTIFIER = com.horchliam.Wordeely;
				PRODUCT_NAME = "$(TARGET_NAME)";
				SUPPORTED_PLATFORMS = "iphoneos iphonesimulator";
				SUPPORTS_MACCATALYST = NO;
				SUPPORTS_MAC_DESIGNED_FOR_IPHONE_IPAD = NO;
				SWIFT_EMIT_LOC_STRINGS = YES;
				SWIFT_VERSION = 5.0;
				TARGETED_DEVICE_FAMILY = 1;
			};
			name = Debug;
		};
		333ED400283FDBB70004B327 /* Release */ = {
			isa = XCBuildConfiguration;
			buildSettings = {
				ASSETCATALOG_COMPILER_APPICON_NAME = AppIcon;
				ASSETCATALOG_COMPILER_GLOBAL_ACCENT_COLOR_NAME = AccentColor;
				CODE_SIGN_STYLE = Automatic;
				CURRENT_PROJECT_VERSION = 1;
				DEVELOPMENT_ASSET_PATHS = "\"Wordeely/Preview Content\"";
				DEVELOPMENT_TEAM = XH7F8TV6LS;
				ENABLE_PREVIEWS = YES;
				GENERATE_INFOPLIST_FILE = YES;
				INFOPLIST_FILE = Wordeely/Info.plist;
				INFOPLIST_KEY_CFBundleDisplayName = Wordeely;
				INFOPLIST_KEY_LSApplicationCategoryType = "public.app-category.word-games";
				INFOPLIST_KEY_UIApplicationSceneManifest_Generation = YES;
				INFOPLIST_KEY_UIApplicationSupportsIndirectInputEvents = YES;
				INFOPLIST_KEY_UISupportedInterfaceOrientations = "UIInterfaceOrientationPortrait UIInterfaceOrientationPortraitUpsideDown";
				INFOPLIST_KEY_UISupportedInterfaceOrientations_iPad = "UIInterfaceOrientationPortrait UIInterfaceOrientationPortraitUpsideDown";
				INFOPLIST_KEY_UISupportedInterfaceOrientations_iPhone = UIInterfaceOrientationPortrait;
				IPHONEOS_DEPLOYMENT_TARGET = 14.5;
				LD_RUNPATH_SEARCH_PATHS = (
					"$(inherited)",
					"@executable_path/Frameworks",
				);
				MARKETING_VERSION = 0.61;
				PRODUCT_BUNDLE_IDENTIFIER = com.horchliam.Wordeely;
				PRODUCT_NAME = "$(TARGET_NAME)";
				SUPPORTED_PLATFORMS = "iphoneos iphonesimulator";
				SUPPORTS_MACCATALYST = NO;
				SUPPORTS_MAC_DESIGNED_FOR_IPHONE_IPAD = NO;
				SWIFT_EMIT_LOC_STRINGS = YES;
				SWIFT_VERSION = 5.0;
				TARGETED_DEVICE_FAMILY = 1;
			};
			name = Release;
		};
		333ED402283FDBB70004B327 /* Debug */ = {
			isa = XCBuildConfiguration;
			buildSettings = {
				ALWAYS_EMBED_SWIFT_STANDARD_LIBRARIES = YES;
				BUNDLE_LOADER = "$(TEST_HOST)";
				CODE_SIGN_STYLE = Automatic;
				CURRENT_PROJECT_VERSION = 1;
				DEVELOPMENT_TEAM = XH7F8TV6LS;
				GENERATE_INFOPLIST_FILE = YES;
				IPHONEOS_DEPLOYMENT_TARGET = 15.4;
				MARKETING_VERSION = 1.0;
				PRODUCT_BUNDLE_IDENTIFIER = com.horchliam.WordeelyTests;
				PRODUCT_NAME = "$(TARGET_NAME)";
				SWIFT_EMIT_LOC_STRINGS = NO;
				SWIFT_VERSION = 5.0;
				TARGETED_DEVICE_FAMILY = "1,2";
				TEST_HOST = "$(BUILT_PRODUCTS_DIR)/Wordeely.app/Wordeely";
			};
			name = Debug;
		};
		333ED403283FDBB70004B327 /* Release */ = {
			isa = XCBuildConfiguration;
			buildSettings = {
				ALWAYS_EMBED_SWIFT_STANDARD_LIBRARIES = YES;
				BUNDLE_LOADER = "$(TEST_HOST)";
				CODE_SIGN_STYLE = Automatic;
				CURRENT_PROJECT_VERSION = 1;
				DEVELOPMENT_TEAM = XH7F8TV6LS;
				GENERATE_INFOPLIST_FILE = YES;
				IPHONEOS_DEPLOYMENT_TARGET = 15.4;
				MARKETING_VERSION = 1.0;
				PRODUCT_BUNDLE_IDENTIFIER = com.horchliam.WordeelyTests;
				PRODUCT_NAME = "$(TARGET_NAME)";
				SWIFT_EMIT_LOC_STRINGS = NO;
				SWIFT_VERSION = 5.0;
				TARGETED_DEVICE_FAMILY = "1,2";
				TEST_HOST = "$(BUILT_PRODUCTS_DIR)/Wordeely.app/Wordeely";
			};
			name = Release;
		};
		333ED405283FDBB70004B327 /* Debug */ = {
			isa = XCBuildConfiguration;
			buildSettings = {
				ALWAYS_EMBED_SWIFT_STANDARD_LIBRARIES = YES;
				CODE_SIGN_STYLE = Automatic;
				CURRENT_PROJECT_VERSION = 1;
				DEVELOPMENT_TEAM = XH7F8TV6LS;
				GENERATE_INFOPLIST_FILE = YES;
				MARKETING_VERSION = 1.0;
				PRODUCT_BUNDLE_IDENTIFIER = com.horchliam.WordeelyUITests;
				PRODUCT_NAME = "$(TARGET_NAME)";
				SWIFT_EMIT_LOC_STRINGS = NO;
				SWIFT_VERSION = 5.0;
				TARGETED_DEVICE_FAMILY = "1,2";
				TEST_TARGET_NAME = Wordeely;
			};
			name = Debug;
		};
		333ED406283FDBB70004B327 /* Release */ = {
			isa = XCBuildConfiguration;
			buildSettings = {
				ALWAYS_EMBED_SWIFT_STANDARD_LIBRARIES = YES;
				CODE_SIGN_STYLE = Automatic;
				CURRENT_PROJECT_VERSION = 1;
				DEVELOPMENT_TEAM = XH7F8TV6LS;
				GENERATE_INFOPLIST_FILE = YES;
				MARKETING_VERSION = 1.0;
				PRODUCT_BUNDLE_IDENTIFIER = com.horchliam.WordeelyUITests;
				PRODUCT_NAME = "$(TARGET_NAME)";
				SWIFT_EMIT_LOC_STRINGS = NO;
				SWIFT_VERSION = 5.0;
				TARGETED_DEVICE_FAMILY = "1,2";
				TEST_TARGET_NAME = Wordeely;
			};
			name = Release;
		};
/* End XCBuildConfiguration section */

/* Begin XCConfigurationList section */
		333ED3D0283FDBB50004B327 /* Build configuration list for PBXProject "Wordeely" */ = {
			isa = XCConfigurationList;
			buildConfigurations = (
				333ED3FC283FDBB70004B327 /* Debug */,
				333ED3FD283FDBB70004B327 /* Release */,
			);
			defaultConfigurationIsVisible = 0;
			defaultConfigurationName = Release;
		};
		333ED3FE283FDBB70004B327 /* Build configuration list for PBXNativeTarget "Wordeely" */ = {
			isa = XCConfigurationList;
			buildConfigurations = (
				333ED3FF283FDBB70004B327 /* Debug */,
				333ED400283FDBB70004B327 /* Release */,
			);
			defaultConfigurationIsVisible = 0;
			defaultConfigurationName = Release;
		};
		333ED401283FDBB70004B327 /* Build configuration list for PBXNativeTarget "WordeelyTests" */ = {
			isa = XCConfigurationList;
			buildConfigurations = (
				333ED402283FDBB70004B327 /* Debug */,
				333ED403283FDBB70004B327 /* Release */,
			);
			defaultConfigurationIsVisible = 0;
			defaultConfigurationName = Release;
		};
		333ED404283FDBB70004B327 /* Build configuration list for PBXNativeTarget "WordeelyUITests" */ = {
			isa = XCConfigurationList;
			buildConfigurations = (
				333ED405283FDBB70004B327 /* Debug */,
				333ED406283FDBB70004B327 /* Release */,
			);
			defaultConfigurationIsVisible = 0;
			defaultConfigurationName = Release;
		};
/* End XCConfigurationList section */
	};
	rootObject = 333ED3CD283FDBB50004B327 /* Project object */;
}
